
Microsoft Visual Studio Solution File, Format Version 12.00
# Visual Studio Version 17
VisualStudioVersion = 17.10.35122.118
MinimumVisualStudioVersion = 10.0.40219.1
Project("{9A19103F-16F7-4668-BE54-9A1E7A4F7556}") = "Calculos", "Calculos.csproj", "{095BBEF7-BC4A-475A-8BB7-43284EFF9FC3}"
EndProject
Project("{9A19103F-16F7-4668-BE54-9A1E7A4F7556}") = "Calculos.Test", "..\Calculos.Test\Calculos.Test.csproj", "{3B81E6C5-C657-4937-8150-B224E39C716A}"
EndProject
Global
	GlobalSection(SolutionConfigurationPlatforms) = preSolution
		Debug|Any CPU = Debug|Any CPU
		Release|Any CPU = Release|Any CPU
	EndGlobalSection
	GlobalSection(ProjectConfigurationPlatforms) = postSolution
		{095BBEF7-BC4A-475A-8BB7-43284EFF9FC3}.Debug|Any CPU.ActiveCfg = Debug|Any CPU
		{095BBEF7-BC4A-475A-8BB7-43284EFF9FC3}.Debug|Any CPU.Build.0 = Debug|Any CPU
		{095BBEF7-BC4A-475A-8BB7-43284EFF9FC3}.Release|Any CPU.ActiveCfg = Release|Any CPU
		{095BBEF7-BC4A-475A-8BB7-43284EFF9FC3}.Release|Any CPU.Build.0 = Release|Any CPU
		{3B81E6C5-C657-4937-8150-B224E39C716A}.Debug|Any CPU.ActiveCfg = Debug|Any CPU
		{3B81E6C5-C657-4937-8150-B224E39C716A}.Debug|Any CPU.Build.0 = Debug|Any CPU
		{3B81E6C5-C657-4937-8150-B224E39C716A}.Release|Any CPU.ActiveCfg = Release|Any CPU
		{3B81E6C5-C657-4937-8150-B224E39C716A}.Release|Any CPU.Build.0 = Release|Any CPU
	EndGlobalSection
	GlobalSection(SolutionProperties) = preSolution
		HideSolutionNode = FALSE
	EndGlobalSection
	GlobalSection(ExtensibilityGlobals) = postSolution
		SolutionGuid = {1857B4AE-DE03-4B5A-9C29-76E4ED807FB5}
	EndGlobalSection
EndGlobal
