
Microsoft Visual Studio Solution File, Format Version 12.00
# Visual Studio Version 17
VisualStudioVersion = 17.10.35122.118
MinimumVisualStudioVersion = 10.0.40219.1
Project("{FAE04EC0-301F-11D3-BF4B-00C04F79EFBC}") = "EmailValidation", "EmailValidation.csproj", "{0A7DBED6-C0FE-4A48-9233-B43214947AB7}"
EndProject
Project("{FAE04EC0-301F-11D3-BF4B-00C04F79EFBC}") = "EmailValidationTest", "..\EmailValidationTest\EmailValidationTest.csproj", "{E680FBDC-3883-4D52-8D35-AB5090337B53}"
EndProject
Global
	GlobalSection(SolutionConfigurationPlatforms) = preSolution
		Debug|Any CPU = Debug|Any CPU
		Release|Any CPU = Release|Any CPU
	EndGlobalSection
	GlobalSection(ProjectConfigurationPlatforms) = postSolution
		{0A7DBED6-C0FE-4A48-9233-B43214947AB7}.Debug|Any CPU.ActiveCfg = Debug|Any CPU
		{0A7DBED6-C0FE-4A48-9233-B43214947AB7}.Debug|Any CPU.Build.0 = Debug|Any CPU
		{0A7DBED6-C0FE-4A48-9233-B43214947AB7}.Release|Any CPU.ActiveCfg = Release|Any CPU
		{0A7DBED6-C0FE-4A48-9233-B43214947AB7}.Release|Any CPU.Build.0 = Release|Any CPU
		{E680FBDC-3883-4D52-8D35-AB5090337B53}.Debug|Any CPU.ActiveCfg = Debug|Any CPU
		{E680FBDC-3883-4D52-8D35-AB5090337B53}.Debug|Any CPU.Build.0 = Debug|Any CPU
		{E680FBDC-3883-4D52-8D35-AB5090337B53}.Release|Any CPU.ActiveCfg = Release|Any CPU
		{E680FBDC-3883-4D52-8D35-AB5090337B53}.Release|Any CPU.Build.0 = Release|Any CPU
	EndGlobalSection
	GlobalSection(SolutionProperties) = preSolution
		HideSolutionNode = FALSE
	EndGlobalSection
	GlobalSection(ExtensibilityGlobals) = postSolution
		SolutionGuid = {0EB6237A-AA2E-47B9-A211-7E4DEB745D0F}
	EndGlobalSection
EndGlobal
