
Microsoft Visual Studio Solution File, Format Version 12.00
# Visual Studio Version 17
VisualStudioVersion = 17.10.35122.118
MinimumVisualStudioVersion = 10.0.40219.1
Project("{FAE04EC0-301F-11D3-BF4B-00C04F79EFBC}") = "Biblioteca", "Biblioteca.csproj", "{D85A7396-3B99-4A21-8980-1AE2AA220699}"
EndProject
Project("{FAE04EC0-301F-11D3-BF4B-00C04F79EFBC}") = "BibliotecaTest", "..\BibliotecaTest\BibliotecaTest.csproj", "{70A5960C-090A-4A5F-B20B-FCE600DFDDD0}"
EndProject
Global
	GlobalSection(SolutionConfigurationPlatforms) = preSolution
		Debug|Any CPU = Debug|Any CPU
		Release|Any CPU = Release|Any CPU
	EndGlobalSection
	GlobalSection(ProjectConfigurationPlatforms) = postSolution
		{D85A7396-3B99-4A21-8980-1AE2AA220699}.Debug|Any CPU.ActiveCfg = Debug|Any CPU
		{D85A7396-3B99-4A21-8980-1AE2AA220699}.Debug|Any CPU.Build.0 = Debug|Any CPU
		{D85A7396-3B99-4A21-8980-1AE2AA220699}.Release|Any CPU.ActiveCfg = Release|Any CPU
		{D85A7396-3B99-4A21-8980-1AE2AA220699}.Release|Any CPU.Build.0 = Release|Any CPU
		{70A5960C-090A-4A5F-B20B-FCE600DFDDD0}.Debug|Any CPU.ActiveCfg = Debug|Any CPU
		{70A5960C-090A-4A5F-B20B-FCE600DFDDD0}.Debug|Any CPU.Build.0 = Debug|Any CPU
		{70A5960C-090A-4A5F-B20B-FCE600DFDDD0}.Release|Any CPU.ActiveCfg = Release|Any CPU
		{70A5960C-090A-4A5F-B20B-FCE600DFDDD0}.Release|Any CPU.Build.0 = Release|Any CPU
	EndGlobalSection
	GlobalSection(SolutionProperties) = preSolution
		HideSolutionNode = FALSE
	EndGlobalSection
	GlobalSection(ExtensibilityGlobals) = postSolution
		SolutionGuid = {93F8C900-43CC-4C19-875F-8E94040C3705}
	EndGlobalSection
EndGlobal
