
Microsoft Visual Studio Solution File, Format Version 12.00
# Visual Studio Version 17
VisualStudioVersion = 17.10.35122.118
MinimumVisualStudioVersion = 10.0.40219.1
Project("{FAE04EC0-301F-11D3-BF4B-00C04F79EFBC}") = "Clima", "Clima.csproj", "{6103B09C-EEDD-46CE-B3E6-E7212D4DDDC5}"
EndProject
Project("{FAE04EC0-301F-11D3-BF4B-00C04F79EFBC}") = "ClimaTest", "..\ClimaTest\ClimaTest.csproj", "{C6A6A583-BCB6-490B-82A9-11CF6FC5FA7C}"
EndProject
Global
	GlobalSection(SolutionConfigurationPlatforms) = preSolution
		Debug|Any CPU = Debug|Any CPU
		Release|Any CPU = Release|Any CPU
	EndGlobalSection
	GlobalSection(ProjectConfigurationPlatforms) = postSolution
		{6103B09C-EEDD-46CE-B3E6-E7212D4DDDC5}.Debug|Any CPU.ActiveCfg = Debug|Any CPU
		{6103B09C-EEDD-46CE-B3E6-E7212D4DDDC5}.Debug|Any CPU.Build.0 = Debug|Any CPU
		{6103B09C-EEDD-46CE-B3E6-E7212D4DDDC5}.Release|Any CPU.ActiveCfg = Release|Any CPU
		{6103B09C-EEDD-46CE-B3E6-E7212D4DDDC5}.Release|Any CPU.Build.0 = Release|Any CPU
		{C6A6A583-BCB6-490B-82A9-11CF6FC5FA7C}.Debug|Any CPU.ActiveCfg = Debug|Any CPU
		{C6A6A583-BCB6-490B-82A9-11CF6FC5FA7C}.Debug|Any CPU.Build.0 = Debug|Any CPU
		{C6A6A583-BCB6-490B-82A9-11CF6FC5FA7C}.Release|Any CPU.ActiveCfg = Release|Any CPU
		{C6A6A583-BCB6-490B-82A9-11CF6FC5FA7C}.Release|Any CPU.Build.0 = Release|Any CPU
	EndGlobalSection
	GlobalSection(SolutionProperties) = preSolution
		HideSolutionNode = FALSE
	EndGlobalSection
	GlobalSection(ExtensibilityGlobals) = postSolution
		SolutionGuid = {E636F679-480F-4DA9-BA16-820CAC0B5561}
	EndGlobalSection
EndGlobal
